
Microsoft Visual Studio Solution File, Format Version 12.00
# Visual Studio Version 17
VisualStudioVersion = 17.6.33801.468
MinimumVisualStudioVersion = 10.0.40219.1
Project("{FAE04EC0-301F-11D3-BF4B-00C04F79EFBC}") = "pdf2xlsx", "pdf2xlsx\pdf2xlsx.csproj", "{ACBB2E07-A673-4155-B6E0-131BD9802F22}"
EndProject
Global
	GlobalSection(SolutionConfigurationPlatforms) = preSolution
		Debug|Any CPU = Debug|Any CPU
		Release|Any CPU = Release|Any CPU
	EndGlobalSection
	GlobalSection(ProjectConfigurationPlatforms) = postSolution
		{ACBB2E07-A673-4155-B6E0-131BD9802F22}.Debug|Any CPU.ActiveCfg = Debug|Any CPU
		{ACBB2E07-A673-4155-B6E0-131BD9802F22}.Debug|Any CPU.Build.0 = Debug|Any CPU
		{ACBB2E07-A673-4155-B6E0-131BD9802F22}.Release|Any CPU.ActiveCfg = Release|Any CPU
		{ACBB2E07-A673-4155-B6E0-131BD9802F22}.Release|Any CPU.Build.0 = Release|Any CPU
	EndGlobalSection
	GlobalSection(SolutionProperties) = preSolution
		HideSolutionNode = FALSE
	EndGlobalSection
	GlobalSection(ExtensibilityGlobals) = postSolution
		SolutionGuid = {26A5A1CF-5D45-4455-98D1-087777CDCDCB}
	EndGlobalSection
EndGlobal
